
Microsoft Visual Studio Solution File, Format Version 12.00
# Visual Studio Version 16
VisualStudioVersion = 16.0.30523.141
MinimumVisualStudioVersion = 10.0.40219.1
Project("{FAE04EC0-301F-11D3-BF4B-00C04F79EFBC}") = "StringExercisesNUnit", "StringExercisesNUnit\StringExercisesNUnit.csproj", "{81CF6F2E-F946-471C-879F-27C8183C0BEF}"
EndProject
Global
	GlobalSection(SolutionConfigurationPlatforms) = preSolution
		Debug|Any CPU = Debug|Any CPU
		Release|Any CPU = Release|Any CPU
	EndGlobalSection
	GlobalSection(ProjectConfigurationPlatforms) = postSolution
		{81CF6F2E-F946-471C-879F-27C8183C0BEF}.Debug|Any CPU.ActiveCfg = Debug|Any CPU
		{81CF6F2E-F946-471C-879F-27C8183C0BEF}.Debug|Any CPU.Build.0 = Debug|Any CPU
		{81CF6F2E-F946-471C-879F-27C8183C0BEF}.Release|Any CPU.ActiveCfg = Release|Any CPU
		{81CF6F2E-F946-471C-879F-27C8183C0BEF}.Release|Any CPU.Build.0 = Release|Any CPU
	EndGlobalSection
	GlobalSection(SolutionProperties) = preSolution
		HideSolutionNode = FALSE
	EndGlobalSection
	GlobalSection(ExtensibilityGlobals) = postSolution
		SolutionGuid = {62CD0912-6F2B-438D-9F0D-5DBAAFEC8062}
	EndGlobalSection
EndGlobal
